{
  "lockfileVersion": 1,
  "configVersion": 1,
  "workspaces": {
    "": {
      "name": "@slicekit/wallet",
      "dependencies": {
        "@slicekit/abi": "0.0.24",
        "@slicekit/erc8128": "0.4.0",
        "@zerodev/ecdsa-validator": "^5.4.9",
        "@zerodev/permissions": "5.6.3",
        "@zerodev/sdk": "5.5.10",
        "hash-wasm": "4.12.0",
        "ox": "^0.14.29",
        "tslib": "^2.8.1",
        "viem": "^2.48.0",
      },
      "devDependencies": {
        "@biomejs/biome": "^2.4.15",
        "@types/node": "~25.6.2",
        "@types/react": "~19.2.14",
        "@wagmi/core": "^3.4.3",
        "bun-types": "1.3.14",
        "fake-indexeddb": "^6.2.4",
        "rollup": "^4.60.4",
        "rollup-plugin-dts": "^6.4.1",
        "typescript": "6.0.3",
        "wagmi": "^3.6.11",
      },
      "peerDependencies": {
        "@tanstack/react-query": "^5.100.11",
        "@wagmi/core": "^3.4.3",
        "react": ">=18",
        "wagmi": "^3.6.11",
      },
      "optionalPeers": [
        "@tanstack/react-query",
        "@wagmi/core",
        "react",
        "wagmi",
      ],
    },
  },
  "packages": {
    "@adraffy/ens-normalize": ["@adraffy/ens-normalize@1.11.1", "", {}, "sha512-nhCBV3quEgesuf7c7KYfperqSS14T8bYuvJ8PcLJp6znkZpFc0AuW4qBtr8eKVyPPe/8RSr7sglCWPU5eaxwKQ=="],

    "@babel/code-frame": ["@babel/code-frame@8.0.0", "", { "dependencies": { "@babel/helper-validator-identifier": "^8.0.0", "js-tokens": "^10.0.0" } }, "sha512-dYYg153EyN2Ekbqw2zAsbd6/JR+9N2SEoC7YV2GyyqMM7x9bLDTjBD6XBhSMLH0wtIVyJj03jWNriQhaN+eoCw=="],

    "@babel/helper-validator-identifier": ["@babel/helper-validator-identifier@8.0.4", "", {}, "sha512-4wFaiLd0bVo4cIoTXI3zKI038NIWE/cr3jvBjejOVYVxV/m8Ltav1USiGzG1fmS5J2RhgEOgXNNK46cRPnRsrg=="],

    "@biomejs/biome": ["@biomejs/biome@2.5.9", "", { "optionalDependencies": { "@biomejs/cli-darwin-arm64": "2.5.9", "@biomejs/cli-darwin-x64": "2.5.9", "@biomejs/cli-linux-arm64": "2.5.9", "@biomejs/cli-linux-arm64-musl": "2.5.9", "@biomejs/cli-linux-x64": "2.5.9", "@biomejs/cli-linux-x64-musl": "2.5.9", "@biomejs/cli-win32-arm64": "2.5.9", "@biomejs/cli-win32-x64": "2.5.9" }, "bin": { "biome": "bin/biome" } }, "sha512-KkgCvdHB4IhtpHpF564plA9jo6fDOwWGQ/3jvreLzgOtRLEDoPqr7QO9qejNA8jKwDsSkAKr77hqBHnyUbIw4g=="],

    "@biomejs/cli-darwin-arm64": ["@biomejs/cli-darwin-arm64@2.5.9", "", { "os": "darwin", "cpu": "arm64" }, "sha512-am22pX2aBqznqq1eMyIj/bZ++riF3Lk6ct7cbv+gQK0csFhr+d8O0RkOi2FF2qSgFgANbqNkIZ0/PxlnW2pLFg=="],

    "@biomejs/cli-darwin-x64": ["@biomejs/cli-darwin-x64@2.5.9", "", { "os": "darwin", "cpu": "x64" }, "sha512-l44KWDHLDvEnD0N/XcrVs7VXb3A18xL7QS3WB0eL93wbmk529ffIG55vleGCqaunpRUjLrdnjK05Qki1dsjylg=="],

    "@biomejs/cli-linux-arm64": ["@biomejs/cli-linux-arm64@2.5.9", "", { "os": "linux", "cpu": "arm64" }, "sha512-ICaK+IYaVZvKbBxX2rwrPT0DdUDMnE9Vm3nQGe+mltQPmUg19pONzkPWGdY4FCsoreDETWDynvdt4ysCbF5gNQ=="],

    "@biomejs/cli-linux-arm64-musl": ["@biomejs/cli-linux-arm64-musl@2.5.9", "", { "os": "linux", "cpu": "arm64" }, "sha512-7ImVPwBLCtkmpR5esd8RHhTqW94f0JLJQum6AneYcy94jRm18TaPPm7slaigGzFhfgt3QiD1Vj52LKmBAnKizA=="],

    "@biomejs/cli-linux-x64": ["@biomejs/cli-linux-x64@2.5.9", "", { "os": "linux", "cpu": "x64" }, "sha512-z22Q/zFYSvbIJfW1CbfZPu4X8PddS6Qd2ORbc6h+aT6EcwAxUF3m6fA4HjNvA3TU4X0dTJRwNPB165ES3PJXzg=="],

    "@biomejs/cli-linux-x64-musl": ["@biomejs/cli-linux-x64-musl@2.5.9", "", { "os": "linux", "cpu": "x64" }, "sha512-RXGaD0o1/pTTguYw1aeDJh9ad6Lfrui0fI7mBderTyGr7WuUJkBIttgLkR3XJyoxOkkgfBDspaUT8wXArTqLZw=="],

    "@biomejs/cli-win32-arm64": ["@biomejs/cli-win32-arm64@2.5.9", "", { "os": "win32", "cpu": "arm64" }, "sha512-nHK+/HHC+D0ogAHUxomgoSTdjImb6fmNNVTKmf0tyu4eDL1DqPKIHc+i+UL8+b0RnAu8224qo8F2tCVnaT0A3w=="],

    "@biomejs/cli-win32-x64": ["@biomejs/cli-win32-x64@2.5.9", "", { "os": "win32", "cpu": "x64" }, "sha512-Yiq0H56LjXSSw/hd9YkXgSLQfzyDJzbzU2TezozxyNw+uKWAqOtqGVvBfzKRRDiaFF5avGAhHdWKx7LtDOShUw=="],

    "@ethereumjs/rlp": ["@ethereumjs/rlp@4.0.1", "", { "bin": { "rlp": "bin/rlp" } }, "sha512-tqsQiBQDQdmPWE1xkkBq4rlSW5QZpLOUJ5RJh2/9fug+q9tnUhuZoVLk7s0scUIKTOzEtR72DFBXI4WiZcMpvw=="],

    "@ethereumjs/util": ["@ethereumjs/util@8.1.0", "", { "dependencies": { "@ethereumjs/rlp": "^4.0.1", "ethereum-cryptography": "^2.0.0", "micro-ftch": "^0.3.1" } }, "sha512-zQ0IqbdX8FZ9aw11vP+dZkKDkS+kgIvQPHnSAXzP9pLu+Rfu3D3XEeLbicvoXJTYnhZiPmsZUxgdzXwNKxRPbA=="],

    "@jridgewell/gen-mapping": ["@jridgewell/gen-mapping@0.3.13", "", { "dependencies": { "@jridgewell/sourcemap-codec": "^1.5.0", "@jridgewell/trace-mapping": "^0.3.24" } }, "sha512-2kkt/7niJ6MgEPxF0bYdQ6etZaA+fQvDcLKckhy1yIQOzaoKjBBjSj63/aLVjYE3qhRt5dvM+uUyfCg6UKCBbA=="],

    "@jridgewell/remapping": ["@jridgewell/remapping@2.3.5", "", { "dependencies": { "@jridgewell/gen-mapping": "^0.3.5", "@jridgewell/trace-mapping": "^0.3.24" } }, "sha512-LI9u/+laYG4Ds1TDKSJW2YPrIlcVYOwi2fUC6xB43lueCjgxV4lffOCZCtYFiH6TNOX+tQKXx97T4IKHbhyHEQ=="],

    "@jridgewell/resolve-uri": ["@jridgewell/resolve-uri@3.1.2", "", {}, "sha512-bRISgCIjP20/tbWSPWMEi54QVPRZExkuD9lJL+UIxUKtwVJA8wW1Trb1jMs1RFXo1CBTNZ/5hpC9QvmKWdopKw=="],

    "@jridgewell/sourcemap-codec": ["@jridgewell/sourcemap-codec@1.5.5", "", {}, "sha512-cYQ9310grqxueWbl+WuIUIaiUaDcj7WOq5fVhEljNVgRfOUhY9fy2zTvfoqWsnebh8Sl70VScFbICvJnLKB0Og=="],

    "@jridgewell/trace-mapping": ["@jridgewell/trace-mapping@0.3.31", "", { "dependencies": { "@jridgewell/resolve-uri": "^3.1.0", "@jridgewell/sourcemap-codec": "^1.4.14" } }, "sha512-zzNR+SdQSDJzc8joaeP8QQoCQr8NuYx2dIIytl1QeBEZHJ9uW6hebsrYgbz8hJwUQao3TWCMtmfV8Nu1twOLAw=="],

    "@napi-rs/lzma-linux-x64-gnu": ["@napi-rs/lzma-linux-x64-gnu@1.5.1", "", { "os": "linux", "cpu": "x64" }, "sha512-oTXEIha4SsuXdTA4Iyskj0kpdx2yVXdhd75c2v3xGrHFfVMsbhTPZU/nMPL4sWKo4pBHm3aucLaqGlF696dTyQ=="],

    "@noble/ciphers": ["@noble/ciphers@1.3.0", "", {}, "sha512-2I0gnIVPtfnMw9ee9h1dJG7tp81+8Ob3OJb3Mv37rx5L40/b0i7djjCVvGOVqc9AEIQyvyu1i6ypKdFw8R8gQw=="],

    "@noble/curves": ["@noble/curves@1.9.1", "", { "dependencies": { "@noble/hashes": "1.8.0" } }, "sha512-k11yZxZg+t+gWvBbIswW0yoJlu8cHOC7dhunwOzoWH/mXGBiYyR4YY6hAEK/3EUs4UpB8la1RfdRpeGsFHkWsA=="],

    "@noble/hashes": ["@noble/hashes@2.3.0", "", {}, "sha512-oN+QwyX7VSHotibwubG3kpzbwKrfnyR6OOO+3Nk/53ADL7FmgHHz4TgrbaYKvvOw09u6QTx0oiH1cNCIOuN0CQ=="],

    "@noble/secp256k1": ["@noble/secp256k1@3.1.0", "", {}, "sha512-+F7iS7tUMaNGXcc9X3PjmjvuQnXEuSjCRNzVVA2xAcKXgCaP0dHYz4SFyt4FKNHef7sOP//xihowcySSS7PK9g=="],

    "@rollup/rollup-android-arm-eabi": ["@rollup/rollup-android-arm-eabi@4.62.4", "", { "os": "android", "cpu": "arm" }, "sha512-RrPokAb7dmbxFoeO3TloqHyOjgye8RkBhSqmp4aJMIex4c9r46ZstPnleDQOq1t46VOVjwIuwNogIqbodV1Vvg=="],

    "@rollup/rollup-android-arm64": ["@rollup/rollup-android-arm64@4.62.4", "", { "os": "android", "cpu": "arm64" }, "sha512-JKuJc+pnpks2pjy7L/N3v/cAkZxYlnmuZoD840ldbMI5KDbC4iO9NKwPKYdjYFCMAIIlBzYSFHxIJVYzRo2/8A=="],

    "@rollup/rollup-darwin-arm64": ["@rollup/rollup-darwin-arm64@4.62.4", "", { "os": "darwin", "cpu": "arm64" }, "sha512-krw5uS2STmvJ02x0uTXHbqQNuz+9eZ1iw+qXk9dmW2gvV4jV7O2hEoOnuhFrpOPiel1mBFtqbxYZZtC46hXLOw=="],

    "@rollup/rollup-darwin-x64": ["@rollup/rollup-darwin-x64@4.62.4", "", { "os": "darwin", "cpu": "x64" }, "sha512-wsTxtgApb4PrOsNJIm0FZ1h3WvCC+k9uxLJ4ad75hgoS4NiRes2SoJFlDAyMwiUY8IssDqGcHbXuN0sx1tfF1A=="],

    "@rollup/rollup-freebsd-arm64": ["@rollup/rollup-freebsd-arm64@4.62.4", "", { "os": "freebsd", "cpu": "arm64" }, "sha512-GUOnQlyZe3yAXhWOtOMsn5Qkrv5E5mZXa0thbARWi5Ei2szlVXJFQhddZ4HbAzh8q92w5twp+CQvs/eFanz9YQ=="],

    "@rollup/rollup-freebsd-x64": ["@rollup/rollup-freebsd-x64@4.62.4", "", { "os": "freebsd", "cpu": "x64" }, "sha512-/Y7f3QuxjzPKsjA/rfEDa3+0vXqyjmJ50Ln8dPpCmWkKTrUoWHG1cWhTqaAMLob2m2nESWuC7yGrREz019Ztqg=="],

    "@rollup/rollup-linux-arm-gnueabihf": ["@rollup/rollup-linux-arm-gnueabihf@4.62.4", "", { "os": "linux", "cpu": "arm" }, "sha512-81wiiX3v7aqy+T+bT61TJ78yJjRquqFFTTbAPt08imfQQzkPIW8t6aJbkTagtCCrXMNc9D66+geqlK7ydLPNqA=="],

    "@rollup/rollup-linux-arm-musleabihf": ["@rollup/rollup-linux-arm-musleabihf@4.62.4", "", { "os": "linux", "cpu": "arm" }, "sha512-9kmDIvNZqdoHOBZgNtpTBeLWYO/LVipM3H/j62P8848/l/VPEQL6N3uxU9pvP1oZAsXyC2MEnFP3ovRjo7WYNQ=="],

    "@rollup/rollup-linux-arm64-gnu": ["@rollup/rollup-linux-arm64-gnu@4.62.4", "", { "os": "linux", "cpu": "arm64" }, "sha512-CcnXHWnXg69g+DX5VWL3FHts3qMRN2uVEHX+BZvGLdd07/gXkn3ePjYtO1LDJvxkGKVHMclKBRa1QUTH+6toYQ=="],

    "@rollup/rollup-linux-arm64-musl": ["@rollup/rollup-linux-arm64-musl@4.62.4", "", { "os": "linux", "cpu": "arm64" }, "sha512-iFOibiHnTRuhrWLlRsOQFdZJJIa7S8OwkneJr4ocALP16u5yk6lWLINFwhHaEqBFMsKDUZofLkGos7+CPzGB3g=="],

    "@rollup/rollup-linux-loong64-gnu": ["@rollup/rollup-linux-loong64-gnu@4.62.4", "", { "os": "linux", "cpu": "none" }, "sha512-XnWYMI7euHlb5a871xPja+Gm7DRCFU+FGRrtS2sMq9N8FvqtpagUy6gD4YOemC5MRk9xbh8+jYMEJbigFQwsgA=="],

    "@rollup/rollup-linux-loong64-musl": ["@rollup/rollup-linux-loong64-musl@4.62.4", "", { "os": "linux", "cpu": "none" }, "sha512-qGDAlO0U8xedCcsdRm9oaoQY8DAx/QT7uIxJWhCdx0ceIWX783UC9QSYkdpzAe29wNiVfp24+bZdQmn49o45SQ=="],

    "@rollup/rollup-linux-ppc64-gnu": ["@rollup/rollup-linux-ppc64-gnu@4.62.4", "", { "os": "linux", "cpu": "ppc64" }, "sha512-ru4H6ezD7ysA5EiEK6qkkaEb4modH8CTej6kUy/gQi20u3kB3G7Zn8snXXkeJSCOFKG/rbPPtM/+9Wgas1961w=="],

    "@rollup/rollup-linux-ppc64-musl": ["@rollup/rollup-linux-ppc64-musl@4.62.4", "", { "os": "linux", "cpu": "ppc64" }, "sha512-2W4MO5WQVJnbJaZdvDb9rhBDuFU1nKIepPFpJUBsTh2k1YY2g+ODViaWuyOAjQ5cOP7NvrvLzt3wvHOoiAvc7w=="],

    "@rollup/rollup-linux-riscv64-gnu": ["@rollup/rollup-linux-riscv64-gnu@4.62.4", "", { "os": "linux", "cpu": "none" }, "sha512-+fxjfuoAmVMCYV5QyjoIpu0cp5DOiOTeqYFk1AVaxGr+/ravWLX89XfQmptsoWcaVy/TGf2hexzbUOrCQIL1CQ=="],

    "@rollup/rollup-linux-riscv64-musl": ["@rollup/rollup-linux-riscv64-musl@4.62.4", "", { "os": "linux", "cpu": "none" }, "sha512-jTn8JfHGL4djjFxPuM06LmNUJDsst2jeVlsd9OmIH6zc5sC9K6rIuO4YajXatLUpBmBKl6b35ro1QZocLi+tcA=="],

    "@rollup/rollup-linux-s390x-gnu": ["@rollup/rollup-linux-s390x-gnu@4.62.4", "", { "os": "linux", "cpu": "s390x" }, "sha512-oCJCJL4pXsoDcP2QZ+JVlPTIRc6266zsIaeJJsWImmF7HO0W8nb6HuSgZlMWxJwaPf8ehbSw8yo0EUw925hKsA=="],

    "@rollup/rollup-linux-x64-gnu": ["@rollup/rollup-linux-x64-gnu@4.62.4", "", { "os": "linux", "cpu": "x64" }, "sha512-W69hukhZ3KKNRCaMIEzKvcFye42hh0FE1+YoYaf5+Ikacuftoco6yO/xouz0hc5d5W/s3yBro5jRiuEE/Q5vUw=="],

    "@rollup/rollup-linux-x64-musl": ["@rollup/rollup-linux-x64-musl@4.62.4", "", { "os": "linux", "cpu": "x64" }, "sha512-qiXbGG2jkjXhzXpsFZSR2Xpb8DN/UaxYsbb/STbuR/6fpaDgRmmaq1B/LmtF2wQFOFOSsK2jdE0RZ3a0zHn4QA=="],

    "@rollup/rollup-openbsd-x64": ["@rollup/rollup-openbsd-x64@4.62.4", "", { "os": "openbsd", "cpu": "x64" }, "sha512-nWeM//hxv8mIo6jD7Hu4o48DVmV9pbV6gsKaWU+4NFyqHoPKwrkRiZGLKUhOBk8qNmDmpwFtPKg80Bo/Tn4xiQ=="],

    "@rollup/rollup-openharmony-arm64": ["@rollup/rollup-openharmony-arm64@4.62.4", "", { "os": "none", "cpu": "arm64" }, "sha512-s62SQ/vgsRSvMwDkOEfTqfgASF0f26ZNaQuTA6Aok5lrikf89yI2W0gFHvZb2Jpgc6N8JnOKZgCK2iciO3CsxQ=="],

    "@rollup/rollup-win32-arm64-msvc": ["@rollup/rollup-win32-arm64-msvc@4.62.4", "", { "os": "win32", "cpu": "arm64" }, "sha512-J6wGf8TVGbXJq+HH+ttTvrcfNKPbuZecV6KT1B8I18BC5IURUh5kl4Yl5OEP5eFIUoI5BWxCsyYMhFsDx8kekw=="],

    "@rollup/rollup-win32-ia32-msvc": ["@rollup/rollup-win32-ia32-msvc@4.62.4", "", { "os": "win32", "cpu": "ia32" }, "sha512-zmfrQd/0wu6oJs8Vq8KwY/YtsKSsLtKe/HwAP4Wqy8LhWjeT55fHRAkOhYQ12wI3ayS4Tt12d5CDRD7N96SAYQ=="],

    "@rollup/rollup-win32-x64-gnu": ["@rollup/rollup-win32-x64-gnu@4.62.4", "", { "os": "win32", "cpu": "x64" }, "sha512-qPzHqdj9rfUD+w79dtE07zi/kFwKyCJqplp5K5ygeLTp7jLpAoc16OAH39HSmRC9UpozaecsleI8uAdEj6v2yw=="],

    "@rollup/rollup-win32-x64-msvc": ["@rollup/rollup-win32-x64-msvc@4.62.4", "", { "os": "win32", "cpu": "x64" }, "sha512-zD6NdeWEByGE9QF9vCrlJ5YQB4oq9q91kPZS37Jwj5hOkvR1lTBSpsKhKDw4IJtbQ35LsTS1HD9DZYGKIshU1Q=="],

    "@scure/base": ["@scure/base@1.2.6", "", {}, "sha512-g/nm5FgUa//MCj1gV09zTJTaM6KBAHqLN907YVQqf7zC49+DcO4B1so4ZX07Ef10Twr6nuqYEH9GEggFXA4Fmg=="],

    "@scure/bip32": ["@scure/bip32@1.7.0", "", { "dependencies": { "@noble/curves": "~1.9.0", "@noble/hashes": "~1.8.0", "@scure/base": "~1.2.5" } }, "sha512-E4FFX/N3f4B80AKWp5dP6ow+flD1LQZo/w8UnLGYZO674jS6YnYeepycOOksv+vLPSpgN35wgKgy+ybfTb2SMw=="],

    "@scure/bip39": ["@scure/bip39@1.6.0", "", { "dependencies": { "@noble/hashes": "~1.8.0", "@scure/base": "~1.2.5" } }, "sha512-+lF0BbLiJNwVlev4eKelw1WWLaiKXw7sSl8T6FvBlWkdX+94aGJ4o8XjUdlyhTCjd8c+B3KT3JfS8P0bLRNU6A=="],

    "@simplewebauthn/browser": ["@simplewebauthn/browser@9.0.1", "", { "dependencies": { "@simplewebauthn/types": "^9.0.1" } }, "sha512-wD2WpbkaEP4170s13/HUxPcAV5y4ZXaKo1TfNklS5zDefPinIgXOpgz1kpEvobAsaLPa2KeH7AKKX/od1mrBJw=="],

    "@simplewebauthn/types": ["@simplewebauthn/types@9.0.1", "", {}, "sha512-tGSRP1QvsAvsJmnOlRQyw/mvK9gnPtjEc5fg2+m8n+QUa+D7rvrKkOYyfpy42GTs90X3RDOnqJgfHt+qO67/+w=="],

    "@simplewebauthn/typescript-types": ["@simplewebauthn/typescript-types@8.3.4", "", {}, "sha512-38xtca0OqfRVNloKBrFB5LEM6PN5vzFbJG6rAutPVrtGHFYxPdiV3btYWq0eAZAZmP+dqFPYJxJWeJrGfmYHng=="],

    "@slicekit/abi": ["@slicekit/abi@0.0.24", "", {}, "sha512-BAS8ADmN/1R4RloKNZj2QbVBa8RUUdQwIbBHU9UpZ0zrfnZRH1tZpceH3IVGwGkoeJA7lwcqSWqadPTDumGxdA=="],

    "@slicekit/erc8128": ["@slicekit/erc8128@0.4.0", "", { "dependencies": { "@noble/hashes": "^2.2.0", "@noble/secp256k1": "^3.1.0", "viem": "^2.48.0" } }, "sha512-JF0udO4L1YxUoCx8k6y7DZF7lUyRDohkw9vsEmDG1wMynXQRKzul0FMrxfqpLwwFL88iAJuxajJxNTfBFWRHhw=="],

    "@tanstack/query-core": ["@tanstack/query-core@5.101.4", "", {}, "sha512-gNwcvOJcRbLWPOLG/2OBm+zM+Yv+MKsXKEOWC57USuZDEsI71hEErQsiEGx5wX9rzWWkfwM0fVSPoiIFSsxfiw=="],

    "@tanstack/react-query": ["@tanstack/react-query@5.101.4", "", { "dependencies": { "@tanstack/query-core": "5.101.4" }, "peerDependencies": { "react": "^18 || ^19" } }, "sha512-yRg2pfOCxIs4ZJW3XYYHU/WgtD04FHSnfHlpRT7h7pR77hwkdRG4wxbKe4aq6P0RvXUTBSQpQeadS1SUYUe+KA=="],

    "@types/estree": ["@types/estree@1.0.9", "", {}, "sha512-GhdPgy1el4/ImP05X05Uw4cw2/M93BCUmnEvWZNStlCzEKME4Fkk+YpoA5OiHNQmoS7Cafb8Xa3Pya8m1Qrzeg=="],

    "@types/node": ["@types/node@25.6.2", "", { "dependencies": { "undici-types": "~7.19.0" } }, "sha512-sokuT28dxf9JT5Kady1fsXOvI4HVpjZa95NKT5y9PNTIrs2AsobR4GFAA90ZG8M+nxVRLysCXsVj6eGC7Vbrlw=="],

    "@types/react": ["@types/react@19.2.18", "", { "dependencies": { "csstype": "^3.2.2" } }, "sha512-AnzbBERsrLKtk2XSfTbYRLjQPdy116Sty4q+T+Bp3IC4l6jNBvreVPAHmpq9qhXQM7CXZPjLVmGMw9sy+hxQ3w=="],

    "@wagmi/connectors": ["@wagmi/connectors@8.1.0", "", { "peerDependencies": { "@base-org/account": "^2.5.1", "@coinbase/wallet-sdk": "^4.3.6", "@metamask/connect-evm": "^2.1.0", "@safe-global/safe-apps-provider": "~0.18.6", "@safe-global/safe-apps-sdk": "^9.1.0", "@wagmi/core": "3.6.4", "@walletconnect/ethereum-provider": "^2.21.1", "accounts": "~0.14", "typescript": ">=5.9.3", "viem": "2.x" }, "optionalPeers": ["@base-org/account", "@coinbase/wallet-sdk", "@metamask/connect-evm", "@safe-global/safe-apps-provider", "@safe-global/safe-apps-sdk", "@walletconnect/ethereum-provider", "accounts", "typescript"] }, "sha512-ASlHXq9NC4pp617lalZdlPuPnZUhFeWNEKQfm3ngVSQKd4S2is5XXG4v3EOAhcxdLjSk1AMfGXlHgk5tX2WCZg=="],

    "@wagmi/core": ["@wagmi/core@3.6.4", "", { "dependencies": { "eventemitter3": "5.0.1", "mipd": "0.0.7", "zustand": "5.0.0" }, "peerDependencies": { "@tanstack/query-core": ">=5.0.0", "accounts": "~0.14", "typescript": ">=5.9.3", "viem": "2.x" }, "optionalPeers": ["@tanstack/query-core", "accounts", "typescript"] }, "sha512-YERJ+vbFZw3UI6p4KoFU5DkxkqmtzBq5lddpgVAvcu5Tz7kSicKVA3DMCWvjVAFsikNdZYIs39FIkMGWfzpSMQ=="],

    "@zerodev/ecdsa-validator": ["@zerodev/ecdsa-validator@5.4.9", "", { "peerDependencies": { "@zerodev/sdk": "^5.4.13", "viem": "^2.28.0" } }, "sha512-9NVE8/sQIKRo42UOoYKkNdmmHJY8VlT4t+2MHD2ipLg21cpbY9fS17TGZh61+Bl3qlqc8pP23I6f89z9im7kuA=="],

    "@zerodev/permissions": ["@zerodev/permissions@5.6.3", "", { "dependencies": { "@simplewebauthn/browser": "^9.0.1", "merkletreejs": "^0.3.11" }, "peerDependencies": { "@zerodev/sdk": "^5.4.0", "@zerodev/webauthn-key": "^5.4.0", "viem": "^2.28.0" } }, "sha512-MwW3Eo3rB5ViOKdY6NUoyvmQTV/bCbOZbmQMTYQqAT7B8rdI9jo44nNONMOHIhDkfF4VFhQ9+M50cCZLA/6zcg=="],

    "@zerodev/sdk": ["@zerodev/sdk@5.5.10", "", { "dependencies": { "semver": "^7.6.0" }, "peerDependencies": { "viem": "^2.28.0" } }, "sha512-WVyj2XR9F6zK2GdXrvappx7yo6zoJ46cWe42dOIArp3xDjFBninjA4O1O94MwohB0G+yFqtXNsEU+WxdE67SgQ=="],

    "@zerodev/webauthn-key": ["@zerodev/webauthn-key@5.5.0", "", { "dependencies": { "@noble/curves": "^1.3.0", "@simplewebauthn/browser": "^8.3.4", "@simplewebauthn/types": "^12.0.0" }, "peerDependencies": { "viem": "^2.28.0" } }, "sha512-AbD2d/qrsX7AWxJMEfwxnLbp1TjiUjc1V4ne3Q40UJxKe+lW64Td+y8OD0qSFMqgN6rQxJZ0aOAXmat8H6xluA=="],

    "abitype": ["abitype@1.3.0", "", { "peerDependencies": { "typescript": ">=5.0.4", "zod": "^3.22.0 || ^4.0.0" }, "optionalPeers": ["typescript", "zod"] }, "sha512-fk6Te+bojIFrMvMZrnOO+SxCB+RUksTGOzq/60ZRvs1L+BVzvi2bqt9L3W/17ZLdZsyM1FuYf65P5nlmoiH1Bg=="],

    "bignumber.js": ["bignumber.js@9.3.1", "", {}, "sha512-Ko0uX15oIUS7wJ3Rb30Fs6SkVbLmPBAKdlm7q9+ak9bbIeFf0MwuBsQV6z7+X768/cHsfg+WlysDWJcmthjsjQ=="],

    "bn.js": ["bn.js@5.2.5", "", {}, "sha512-Vq886eXykuP5E6HcKSSStP3bJgrE6In5WKxVUvJ8XGpWWYs2xZHWqUwzCtGgEtBcxyd57KBFDPFoUfNzdaHCNg=="],

    "buffer-reverse": ["buffer-reverse@1.0.1", "", {}, "sha512-M87YIUBsZ6N924W57vDwT/aOu8hw7ZgdByz6ijksLjmHJELBASmYTTlNHRgjE+pTsT9oJXGaDSgqqwfdHotDUg=="],

    "bun-types": ["bun-types@1.3.14", "", { "dependencies": { "@types/node": "*" } }, "sha512-4N0ig0fEomHt5R0KCFWjovxow98rIoRwKolrYdCcknNwMekCXRnWEUvgu5soYV8QXtVsrUD8B95MBOZGPvr6KQ=="],

    "convert-source-map": ["convert-source-map@2.0.0", "", {}, "sha512-Kvp459HrV2FEJ1CAsi1Ku+MY3kasH19TFykTz2xWmMeq6bk2NU3XXvfJ+Q61m0xktWwt+1HSYf3JZsTms3aRJg=="],

    "crypto-js": ["crypto-js@4.2.0", "", {}, "sha512-KALDyEYgpY+Rlob/iriUtjV6d5Eq+Y191A5g4UqLAi8CyGP9N1+FdVbkc1SxKc2r4YAYqG8JzO2KGL+AizD70Q=="],

    "csstype": ["csstype@3.2.3", "", {}, "sha512-z1HGKcYy2xA8AGQfwrn0PAy+PB7X/GSj3UVJW9qKyn43xWa+gl5nXmU4qqLMRzWVLFC8KusUX8T/0kCiOYpAIQ=="],

    "ethereum-bloom-filters": ["ethereum-bloom-filters@1.2.0", "", { "dependencies": { "@noble/hashes": "^1.4.0" } }, "sha512-28hyiE7HVsWubqhpVLVmZXFd4ITeHi+BUu05o9isf0GUpMtzBUi+8/gFrGaGYzvGAJQmJ3JKj77Mk9G98T84rA=="],

    "ethereum-cryptography": ["ethereum-cryptography@2.2.1", "", { "dependencies": { "@noble/curves": "1.4.2", "@noble/hashes": "1.4.0", "@scure/bip32": "1.4.0", "@scure/bip39": "1.3.0" } }, "sha512-r/W8lkHSiTLxUxW8Rf3u4HGB0xQweG2RyETjywylKZSzLWoWAijRz8WCuOtJ6wah+avllXBqZuk29HCCvhEIRg=="],

    "ethjs-unit": ["ethjs-unit@0.1.6", "", { "dependencies": { "bn.js": "4.11.6", "number-to-bn": "1.7.0" } }, "sha512-/Sn9Y0oKl0uqQuvgFk/zQgR7aw1g36qX/jzSQ5lSwlO0GigPymk4eGQfeNTD03w1dPOqfz8V77Cy43jH56pagw=="],

    "eventemitter3": ["eventemitter3@5.0.1", "", {}, "sha512-GWkBvjiSZK87ELrYOSESUYeVIc9mvLLf/nXalMOS5dYrgZq9o5OVkbZAVM06CVxYsCwH9BDZFPlQTlPA1j4ahA=="],

    "fake-indexeddb": ["fake-indexeddb@6.2.5", "", {}, "sha512-CGnyrvbhPlWYMngksqrSSUT1BAVP49dZocrHuK0SvtR0D5TMs5wP0o3j7jexDJW01KSadjBp1M/71o/KR3nD1w=="],

    "fsevents": ["fsevents@2.3.3", "", { "os": "darwin" }, "sha512-5xoDfX+fL7faATnagmWPpbFtwh/R77WmMMqqHGS65C3vvB0YHrgF+B1YmZ3441tMj5n63k0212XNoJwzlhffQw=="],

    "hash-wasm": ["hash-wasm@4.12.0", "", {}, "sha512-+/2B2rYLb48I/evdOIhP+K/DD2ca2fgBjp6O+GBEnCDk2e4rpeXIK8GvIyRPjTezgmWn9gmKwkQjjx6BtqDHVQ=="],

    "is-hex-prefixed": ["is-hex-prefixed@1.0.0", "", {}, "sha512-WvtOiug1VFrE9v1Cydwm+FnXd3+w9GaeVUss5W4v/SLy3UW00vP+6iNF2SdnfiBoLy4bTqVdkftNGTUeOFVsbA=="],

    "isows": ["isows@1.0.7", "", { "peerDependencies": { "ws": "*" } }, "sha512-I1fSfDCZL5P0v33sVqeTDSpcstAg/N+wF5HS033mogOVIp4B+oHC7oOCsA3axAbBSGTJ8QubbNmnIRN/h8U7hg=="],

    "js-tokens": ["js-tokens@10.0.0", "", {}, "sha512-lM/UBzQmfJRo9ABXbPWemivdCW8V2G8FHaHdypQaIy523snUjog0W71ayWXTjiR+ixeMyVHN2XcpnTd/liPg/Q=="],

    "magic-string": ["magic-string@0.30.21", "", { "dependencies": { "@jridgewell/sourcemap-codec": "^1.5.5" } }, "sha512-vd2F4YUyEXKGcLHoq+TEyCjxueSeHnFxyyjNp80yg0XV4vUhnDer/lvvlqM/arB5bXQN5K2/3oinyCRyx8T2CQ=="],

    "merkletreejs": ["merkletreejs@0.3.11", "", { "dependencies": { "bignumber.js": "^9.0.1", "buffer-reverse": "^1.0.1", "crypto-js": "^4.2.0", "treeify": "^1.1.0", "web3-utils": "^1.3.4" } }, "sha512-LJKTl4iVNTndhL+3Uz/tfkjD0klIWsHlUzgtuNnNrsf7bAlXR30m+xYB7lHr5Z/l6e/yAIsr26Dabx6Buo4VGQ=="],

    "micro-ftch": ["micro-ftch@0.3.1", "", {}, "sha512-/0LLxhzP0tfiR5hcQebtudP56gUurs2CLkGarnCiB/OqEyUFQ6U3paQi/tgLv0hBJYt2rnr9MNpxz4fiiugstg=="],

    "mipd": ["mipd@0.0.7", "", { "peerDependencies": { "typescript": ">=5.0.4" }, "optionalPeers": ["typescript"] }, "sha512-aAPZPNDQ3uMTdKbuO2YmAw2TxLHO0moa4YKAyETM/DTj5FloZo+a+8tU+iv4GmW+sOxKLSRwcSFuczk+Cpt6fg=="],

    "number-to-bn": ["number-to-bn@1.7.0", "", { "dependencies": { "bn.js": "4.11.6", "strip-hex-prefix": "1.0.0" } }, "sha512-wsJ9gfSz1/s4ZsJN01lyonwuxA1tml6X1yBDnfpMglypcBRFZZkus26EdPSlqS5GJfYddVZa22p3VNb3z5m5Ig=="],

    "ox": ["ox@0.14.34", "", { "dependencies": { "@adraffy/ens-normalize": "^1.11.0", "@noble/ciphers": "^1.3.0", "@noble/curves": "1.9.1", "@noble/hashes": "^1.8.0", "@scure/bip32": "^1.7.0", "@scure/bip39": "^1.6.0", "abitype": "^1.2.3", "eventemitter3": "5.0.1" }, "peerDependencies": { "typescript": ">=5.4.0" }, "optionalPeers": ["typescript"] }, "sha512-12seOIk7dv8eAoGQhcWaeKZxNz304IVcDvb9U5Y7JZAEVe21Nm1YMxLjhWah+su5BD4Omx4Zz0z5x3ij9M4GYQ=="],

    "randombytes": ["randombytes@2.1.0", "", { "dependencies": { "safe-buffer": "^5.1.0" } }, "sha512-vYl3iOX+4CKUWuxGi9Ukhie6fsqXqS9FE2Zaic4tNFD2N2QQaXOMFbuKK4QmDHC0JO6B1Zp41J0LpT0oR68amQ=="],

    "react": ["react@19.2.8", "", {}, "sha512-PWaYA1L/q9u2u7xYQi+Y3L3Yfnie7XyLeaJICV1MGD6LprsBxcAqGjYyr0eY3p+QdsA+x/Irkt4Qif8D63+Sbw=="],

    "rollup": ["rollup@4.62.4", "", { "dependencies": { "@types/estree": "1.0.9" }, "optionalDependencies": { "@napi-rs/lzma-linux-x64-gnu": "1.5.1", "@rollup/rollup-android-arm-eabi": "4.62.4", "@rollup/rollup-android-arm64": "4.62.4", "@rollup/rollup-darwin-arm64": "4.62.4", "@rollup/rollup-darwin-x64": "4.62.4", "@rollup/rollup-freebsd-arm64": "4.62.4", "@rollup/rollup-freebsd-x64": "4.62.4", "@rollup/rollup-linux-arm-gnueabihf": "4.62.4", "@rollup/rollup-linux-arm-musleabihf": "4.62.4", "@rollup/rollup-linux-arm64-gnu": "4.62.4", "@rollup/rollup-linux-arm64-musl": "4.62.4", "@rollup/rollup-linux-loong64-gnu": "4.62.4", "@rollup/rollup-linux-loong64-musl": "4.62.4", "@rollup/rollup-linux-ppc64-gnu": "4.62.4", "@rollup/rollup-linux-ppc64-musl": "4.62.4", "@rollup/rollup-linux-riscv64-gnu": "4.62.4", "@rollup/rollup-linux-riscv64-musl": "4.62.4", "@rollup/rollup-linux-s390x-gnu": "4.62.4", "@rollup/rollup-linux-x64-gnu": "4.62.4", "@rollup/rollup-linux-x64-musl": "4.62.4", "@rollup/rollup-openbsd-x64": "4.62.4", "@rollup/rollup-openharmony-arm64": "4.62.4", "@rollup/rollup-win32-arm64-msvc": "4.62.4", "@rollup/rollup-win32-ia32-msvc": "4.62.4", "@rollup/rollup-win32-x64-gnu": "4.62.4", "@rollup/rollup-win32-x64-msvc": "4.62.4", "fsevents": "~2.3.2" }, "bin": { "rollup": "dist/bin/rollup" } }, "sha512-RXOqwaPsBGjMNMa4sQjDjHieHEZDFoj/Rdr46l2MU5DfEs16wHJPC2RPTPHWhNl+M3aI472LLqFkFKut4SblOg=="],

    "rollup-plugin-dts": ["rollup-plugin-dts@6.5.1", "", { "dependencies": { "@jridgewell/remapping": "^2.3.5", "@jridgewell/sourcemap-codec": "^1.5.5", "convert-source-map": "^2.0.0", "magic-string": "^0.30.21" }, "optionalDependencies": { "@babel/code-frame": "^8.0.0" }, "peerDependencies": { "@typescript/typescript6": "^6", "rollup": "^3 || ^4", "typescript": "^4.5 || ^5 || ^6 || ^7" }, "optionalPeers": ["@typescript/typescript6"] }, "sha512-jODTXp3H7MK/Ur/ErtsrQ0G1GvaCmc3du+y5pNrdBMf6d7HlL2Nd/N6TkEr+f75CkUj01zEoEd7y2elH0eHi1Q=="],

    "safe-buffer": ["safe-buffer@5.2.1", "", {}, "sha512-rp3So07KcdmmKbGvgaNxQSJr7bGVSVk5S9Eq1F+ppbRo70+YeaDxkw5Dd8NPN+GD6bjnYm2VuPuCXmpuYvmCXQ=="],

    "semver": ["semver@7.8.5", "", { "bin": { "semver": "bin/semver.js" } }, "sha512-Y7/KDsb8LjooZpwaqGyulO6DQlksgCncchHGk+sZIY4SBvUocMBEFH5Ur1fI4dV+Jvl0w6cjvucaIi40puRioA=="],

    "strip-hex-prefix": ["strip-hex-prefix@1.0.0", "", { "dependencies": { "is-hex-prefixed": "1.0.0" } }, "sha512-q8d4ue7JGEiVcypji1bALTos+0pWtyGlivAWyPuTkHzuTCJqrK9sWxYQZUq6Nq3cuyv3bm734IhHvHtGGURU6A=="],

    "treeify": ["treeify@1.1.0", "", {}, "sha512-1m4RA7xVAJrSGrrXGs0L3YTwyvBs2S8PbRHaLZAkFw7JR8oIFwYtysxlBZhYIa7xSyiYJKZ3iGrrk55cGA3i9A=="],

    "tslib": ["tslib@2.8.1", "", {}, "sha512-oJFu94HQb+KVduSUQL7wnpmqnfmLsOA/nAh6b6EH0wCEoK0/mPeXU6c3wKDV83MkOuHPRHtSXKKU99IBazS/2w=="],

    "typescript": ["typescript@6.0.3", "", { "bin": { "tsc": "bin/tsc", "tsserver": "bin/tsserver" } }, "sha512-y2TvuxSZPDyQakkFRPZHKFm+KKVqIisdg9/CZwm9ftvKXLP8NRWj38/ODjNbr43SsoXqNuAisEf1GdCxqWcdBw=="],

    "undici-types": ["undici-types@7.19.2", "", {}, "sha512-qYVnV5OEm2AW8cJMCpdV20CDyaN3g0AjDlOGf1OW4iaDEx8MwdtChUp4zu4H0VP3nDRF/8RKWH+IPp9uW0YGZg=="],

    "use-sync-external-store": ["use-sync-external-store@1.4.0", "", { "peerDependencies": { "react": "^16.8.0 || ^17.0.0 || ^18.0.0 || ^19.0.0" } }, "sha512-9WXSPC5fMv61vaupRkCKCxsPxBocVnwakBEkMIHHpkTTg6icbJtg6jzgtLDm4bl3cSHAca52rYWih0k4K3PfHw=="],

    "utf8": ["utf8@3.0.0", "", {}, "sha512-E8VjFIQ/TyQgp+TZfS6l8yp/xWppSAHzidGiRrqe4bK4XP9pTRyKFgGJpO3SN7zdX4DeomTrwaseCHovfpFcqQ=="],

    "viem": ["viem@2.55.18", "", { "dependencies": { "@noble/curves": "1.9.1", "@noble/hashes": "1.8.0", "@scure/bip32": "1.7.0", "@scure/bip39": "1.6.0", "abitype": "1.2.3", "isows": "1.0.7", "ox": "0.14.33", "ws": "8.21.0" }, "peerDependencies": { "typescript": ">=5.0.4" }, "optionalPeers": ["typescript"] }, "sha512-7XJtcMueFo4dQz+VK5mhY3GV9lvQkyrMbM/P/IghE0d8oZ/xbhgMXdTpc+ra4ZtDOGsLKu+0/EOD7BetVmVBsw=="],

    "wagmi": ["wagmi@3.7.6", "", { "dependencies": { "@wagmi/connectors": "8.1.0", "@wagmi/core": "3.6.4", "use-sync-external-store": "1.4.0" }, "peerDependencies": { "@tanstack/react-query": ">=5.0.0", "react": ">=18", "typescript": ">=5.9.3", "viem": "2.x" }, "optionalPeers": ["typescript"] }, "sha512-Zm/ppGHV6GYX9by3ERs1KVcNqpMZ4Vdno48Avdz9U+3QCjC5iFatOwruA9IMOl8poL7n/pJGQOcR1xj8N5c69w=="],

    "web3-utils": ["web3-utils@1.10.4", "", { "dependencies": { "@ethereumjs/util": "^8.1.0", "bn.js": "^5.2.1", "ethereum-bloom-filters": "^1.0.6", "ethereum-cryptography": "^2.1.2", "ethjs-unit": "0.1.6", "number-to-bn": "1.7.0", "randombytes": "^2.1.0", "utf8": "3.0.0" } }, "sha512-tsu8FiKJLk2PzhDl9fXbGUWTkkVXYhtTA+SmEFkKft+9BgwLxfCRpU96sWv7ICC8zixBNd3JURVoiR3dUXgP8A=="],

    "ws": ["ws@8.21.0", "", { "peerDependencies": { "bufferutil": "^4.0.1", "utf-8-validate": ">=5.0.2" }, "optionalPeers": ["bufferutil", "utf-8-validate"] }, "sha512-Vsp28b7DRcimFQvrqu2Wek3z1iYxDCWqHYB8Qsnk/S4RfaCQzPGPyBNuVjJV3cd6UiKtUtp6sNM77gWvzcCH+g=="],

    "zustand": ["zustand@5.0.0", "", { "peerDependencies": { "@types/react": ">=18.0.0", "immer": ">=9.0.6", "react": ">=18.0.0", "use-sync-external-store": ">=1.2.0" }, "optionalPeers": ["@types/react", "immer", "react", "use-sync-external-store"] }, "sha512-LE+VcmbartOPM+auOjCCLQOsQ05zUTp8RkgwRzefUk+2jISdMMFnxvyTjA4YNWr5ZGXYbVsEMZosttuxUBkojQ=="],

    "@noble/curves/@noble/hashes": ["@noble/hashes@1.8.0", "", {}, "sha512-jCs9ldd7NwzpgXDIf6P3+NrHh9/sD6CQdxHyjQI+h/6rDNo88ypBxxz45UDuZHz9r3tNz7N/VInSVoVdtXEI4A=="],

    "@scure/bip32/@noble/hashes": ["@noble/hashes@1.8.0", "", {}, "sha512-jCs9ldd7NwzpgXDIf6P3+NrHh9/sD6CQdxHyjQI+h/6rDNo88ypBxxz45UDuZHz9r3tNz7N/VInSVoVdtXEI4A=="],

    "@scure/bip39/@noble/hashes": ["@noble/hashes@1.8.0", "", {}, "sha512-jCs9ldd7NwzpgXDIf6P3+NrHh9/sD6CQdxHyjQI+h/6rDNo88ypBxxz45UDuZHz9r3tNz7N/VInSVoVdtXEI4A=="],

    "@zerodev/webauthn-key/@simplewebauthn/browser": ["@simplewebauthn/browser@8.3.7", "", { "dependencies": { "@simplewebauthn/typescript-types": "^8.3.4" } }, "sha512-ZtRf+pUEgOCvjrYsbMsJfiHOdKcrSZt2zrAnIIpfmA06r0FxBovFYq0rJ171soZbe13KmWzAoLKjSxVW7KxCdQ=="],

    "@zerodev/webauthn-key/@simplewebauthn/types": ["@simplewebauthn/types@12.0.0", "", {}, "sha512-q6y8MkoV8V8jB4zzp18Uyj2I7oFp2/ONL8c3j8uT06AOWu3cIChc1au71QYHrP2b+xDapkGTiv+9lX7xkTlAsA=="],

    "ethereum-bloom-filters/@noble/hashes": ["@noble/hashes@1.8.0", "", {}, "sha512-jCs9ldd7NwzpgXDIf6P3+NrHh9/sD6CQdxHyjQI+h/6rDNo88ypBxxz45UDuZHz9r3tNz7N/VInSVoVdtXEI4A=="],

    "ethereum-cryptography/@noble/curves": ["@noble/curves@1.4.2", "", { "dependencies": { "@noble/hashes": "1.4.0" } }, "sha512-TavHr8qycMChk8UwMld0ZDRvatedkzWfH8IiaeGCfymOP5i0hSCozz9vHOL0nkwk7HRMlFnAiKpS2jrUmSybcw=="],

    "ethereum-cryptography/@noble/hashes": ["@noble/hashes@1.4.0", "", {}, "sha512-V1JJ1WTRUqHHrOSh597hURcMqVKVGL/ea3kv0gSnEdsEZ0/+VyPghM1lMNGc00z7CIQorSvbKpuJkxvuHbvdbg=="],

    "ethereum-cryptography/@scure/bip32": ["@scure/bip32@1.4.0", "", { "dependencies": { "@noble/curves": "~1.4.0", "@noble/hashes": "~1.4.0", "@scure/base": "~1.1.6" } }, "sha512-sVUpc0Vq3tXCkDGYVWGIZTRfnvu8LoTDaev7vbwh0omSvVORONr960MQWdKqJDCReIEmTj3PAr73O3aoxz7OPg=="],

    "ethereum-cryptography/@scure/bip39": ["@scure/bip39@1.3.0", "", { "dependencies": { "@noble/hashes": "~1.4.0", "@scure/base": "~1.1.6" } }, "sha512-disdg7gHuTDZtY+ZdkmLpPCk7fxZSu3gBiEGuoC1XYxv9cGx3Z6cpTggCgW6odSOOIXCiDjuGejW+aJKCY/pIQ=="],

    "ethjs-unit/bn.js": ["bn.js@4.11.6", "", {}, "sha512-XWwnNNFCuuSQ0m3r3C4LE3EiORltHd9M05pq6FOlVeiophzRbMo50Sbz1ehl8K3Z+jw9+vmgnXefY1hz8X+2wA=="],

    "number-to-bn/bn.js": ["bn.js@4.11.6", "", {}, "sha512-XWwnNNFCuuSQ0m3r3C4LE3EiORltHd9M05pq6FOlVeiophzRbMo50Sbz1ehl8K3Z+jw9+vmgnXefY1hz8X+2wA=="],

    "ox/@noble/hashes": ["@noble/hashes@1.8.0", "", {}, "sha512-jCs9ldd7NwzpgXDIf6P3+NrHh9/sD6CQdxHyjQI+h/6rDNo88ypBxxz45UDuZHz9r3tNz7N/VInSVoVdtXEI4A=="],

    "viem/@noble/hashes": ["@noble/hashes@1.8.0", "", {}, "sha512-jCs9ldd7NwzpgXDIf6P3+NrHh9/sD6CQdxHyjQI+h/6rDNo88ypBxxz45UDuZHz9r3tNz7N/VInSVoVdtXEI4A=="],

    "viem/abitype": ["abitype@1.2.3", "", { "peerDependencies": { "typescript": ">=5.0.4", "zod": "^3.22.0 || ^4.0.0" }, "optionalPeers": ["typescript", "zod"] }, "sha512-Ofer5QUnuUdTFsBRwARMoWKOH1ND5ehwYhJ3OJ/BQO+StkwQjHw0XyVh4vDttzHB7QOFhPHa/o413PJ82gU/Tg=="],

    "viem/ox": ["ox@0.14.33", "", { "dependencies": { "@adraffy/ens-normalize": "^1.11.0", "@noble/ciphers": "^1.3.0", "@noble/curves": "1.9.1", "@noble/hashes": "^1.8.0", "@scure/bip32": "^1.7.0", "@scure/bip39": "^1.6.0", "abitype": "^1.2.3", "eventemitter3": "5.0.1" }, "peerDependencies": { "typescript": ">=5.4.0" }, "optionalPeers": ["typescript"] }, "sha512-rooA/4o7bBof4Ge2VH/eovfNPb/AEEYyrNj03wggc55g5HZD8Pjs/OeWhttgjic3dDcqn0r29bDuvQEdTiUemQ=="],

    "ethereum-cryptography/@scure/bip32/@scure/base": ["@scure/base@1.1.9", "", {}, "sha512-8YKhl8GHiNI/pU2VMaofa2Tor7PJRAjwQLBBuilkJ9L5+13yVbC7JO/wS7piioAvPSwR3JKM1IJ/u4xQzbcXKg=="],

    "ethereum-cryptography/@scure/bip39/@scure/base": ["@scure/base@1.1.9", "", {}, "sha512-8YKhl8GHiNI/pU2VMaofa2Tor7PJRAjwQLBBuilkJ9L5+13yVbC7JO/wS7piioAvPSwR3JKM1IJ/u4xQzbcXKg=="],

    "viem/ox/abitype": ["abitype@1.3.0", "", { "peerDependencies": { "typescript": ">=5.0.4", "zod": "^3.22.0 || ^4.0.0" }, "optionalPeers": ["typescript", "zod"] }, "sha512-fk6Te+bojIFrMvMZrnOO+SxCB+RUksTGOzq/60ZRvs1L+BVzvi2bqt9L3W/17ZLdZsyM1FuYf65P5nlmoiH1Bg=="],
  }
}
