{
  "lockfileVersion": 2,
  "configVersion": 1,
  "workspaces": {
    "": {
      "name": "slice-wallet-workspace",
    },
    "packages/wallet": {
      "name": "@slicekit/wallet",
      "version": "0.1.2",
      "dependencies": {
        "@slicekit/abi": "0.1.0",
        "hash-wasm": "4.12.0",
        "ox": "^0.14.36",
        "tslib": "^2.8.1",
        "viem": "^2.48.0",
      },
      "devDependencies": {
        "@biomejs/biome": "^2.5.10",
        "@types/node": "~26.2.0",
        "@typescript/typescript6": "6.0.2",
        "bun-types": "1.4.0",
        "fake-indexeddb": "^6.2.4",
        "rollup": "^4.60.4",
        "rollup-plugin-dts": "^6.5.1",
        "typescript": "7.0.2",
      },
    },
  },
  "packages": {
    "@adraffy/ens-normalize": ["@adraffy/ens-normalize@1.11.1", "", {}, "sha512-nhCBV3quEgesuf7c7KYfperqSS14T8bYuvJ8PcLJp6znkZpFc0AuW4qBtr8eKVyPPe/8RSr7sglCWPU5eaxwKQ=="],

    "@babel/code-frame": ["@babel/code-frame@8.0.0", "", { "dependencies": { "@babel/helper-validator-identifier": "^8.0.0", "js-tokens": "^10.0.0" } }, "sha512-dYYg153EyN2Ekbqw2zAsbd6/JR+9N2SEoC7YV2GyyqMM7x9bLDTjBD6XBhSMLH0wtIVyJj03jWNriQhaN+eoCw=="],

    "@babel/helper-validator-identifier": ["@babel/helper-validator-identifier@8.0.4", "", {}, "sha512-4wFaiLd0bVo4cIoTXI3zKI038NIWE/cr3jvBjejOVYVxV/m8Ltav1USiGzG1fmS5J2RhgEOgXNNK46cRPnRsrg=="],

    "@biomejs/biome": ["@biomejs/biome@2.5.10", "", { "optionalDependencies": { "@biomejs/cli-darwin-arm64": "2.5.10", "@biomejs/cli-darwin-x64": "2.5.10", "@biomejs/cli-linux-arm64": "2.5.10", "@biomejs/cli-linux-arm64-musl": "2.5.10", "@biomejs/cli-linux-x64": "2.5.10", "@biomejs/cli-linux-x64-musl": "2.5.10", "@biomejs/cli-win32-arm64": "2.5.10", "@biomejs/cli-win32-x64": "2.5.10" }, "bin": { "biome": "bin/biome" } }, "sha512-WRKXARA3kTuiV5sxqTpobJ/I0MVd4vk3pOL6wnp5az4LntFIhWTj1RWZq3DI9PCEN3lXcqy7p5aqUHzvq8AXyQ=="],

    "@biomejs/cli-darwin-arm64": ["@biomejs/cli-darwin-arm64@2.5.10", "", { "os": "darwin", "cpu": "arm64" }, "sha512-ItCrxKK6SXVT6flYs0qIuBd4AA3TTTl4d66Re6YI2FuGZnN85NmuYNzkiTJUyYw8qBLv69L5zTUB6uyWd++h3Q=="],

    "@biomejs/cli-darwin-x64": ["@biomejs/cli-darwin-x64@2.5.10", "", { "os": "darwin", "cpu": "x64" }, "sha512-yLsPU9pAmtChXDu8vhKAzErqe+LeeYuwuUB2FZMkRitsmdodxsYRa9KHrFispsUHzzOu+9HB3nP/TQxyia+Sjw=="],

    "@biomejs/cli-linux-arm64": ["@biomejs/cli-linux-arm64@2.5.10", "", { "os": "linux", "cpu": "arm64" }, "sha512-VG8uQW/86a1roLaIFvtIbEigxIdzdJ190oGyg1tV7VYeQtOS+x10sflk7WbuXgw91EtZX5DlIIIej1YqkNLlcg=="],

    "@biomejs/cli-linux-arm64-musl": ["@biomejs/cli-linux-arm64-musl@2.5.10", "", { "os": "linux", "cpu": "arm64" }, "sha512-t1QAKZwQJRB4dvgJSgFiQ4BNfNPChg69BNonz854qLVxnjT3UvDzQg9mbkTJRu35ZqU0Rw10A73J8Urgbg2RPw=="],

    "@biomejs/cli-linux-x64": ["@biomejs/cli-linux-x64@2.5.10", "", { "os": "linux", "cpu": "x64" }, "sha512-4O6T0eq2heoHZN0a9UX+rWQoxXEBaKf+lRi2hbsGlHneUz9BWXM76nEWMK7Eeq8gzMxR1khQB6BFpAASpeXqGg=="],

    "@biomejs/cli-linux-x64-musl": ["@biomejs/cli-linux-x64-musl@2.5.10", "", { "os": "linux", "cpu": "x64" }, "sha512-pgDDqp9JybHm2I0KRgzN6i4+lt8xu4iqxUwLzglUMmOmyRTU1AYBGKzh9sNMOtIjah7xoWvKHlLVetvyifzoiQ=="],

    "@biomejs/cli-win32-arm64": ["@biomejs/cli-win32-arm64@2.5.10", "", { "os": "win32", "cpu": "arm64" }, "sha512-pxAbxduPO4xq/Cvgaa2lOrs9BB0hEXmmDqfMNP4ZOffGOkUrD1/QGw9UAMpFQpX2P8MqTIIRuQKcmetum4Oa6A=="],

    "@biomejs/cli-win32-x64": ["@biomejs/cli-win32-x64@2.5.10", "", { "os": "win32", "cpu": "x64" }, "sha512-M+2dgBsl3lXRiTfgPVc2p3anS4Tocojke4rzFLScZ2Y/wmF+36dRb1iHCLiyGqOzQGyTplZH1HnEYviiAqi3nA=="],

    "@jridgewell/gen-mapping": ["@jridgewell/gen-mapping@0.3.13", "", { "dependencies": { "@jridgewell/sourcemap-codec": "^1.5.0", "@jridgewell/trace-mapping": "^0.3.24" } }, "sha512-2kkt/7niJ6MgEPxF0bYdQ6etZaA+fQvDcLKckhy1yIQOzaoKjBBjSj63/aLVjYE3qhRt5dvM+uUyfCg6UKCBbA=="],

    "@jridgewell/remapping": ["@jridgewell/remapping@2.3.5", "", { "dependencies": { "@jridgewell/gen-mapping": "^0.3.5", "@jridgewell/trace-mapping": "^0.3.24" } }, "sha512-LI9u/+laYG4Ds1TDKSJW2YPrIlcVYOwi2fUC6xB43lueCjgxV4lffOCZCtYFiH6TNOX+tQKXx97T4IKHbhyHEQ=="],

    "@jridgewell/resolve-uri": ["@jridgewell/resolve-uri@3.1.2", "", {}, "sha512-bRISgCIjP20/tbWSPWMEi54QVPRZExkuD9lJL+UIxUKtwVJA8wW1Trb1jMs1RFXo1CBTNZ/5hpC9QvmKWdopKw=="],

    "@jridgewell/sourcemap-codec": ["@jridgewell/sourcemap-codec@1.5.5", "", {}, "sha512-cYQ9310grqxueWbl+WuIUIaiUaDcj7WOq5fVhEljNVgRfOUhY9fy2zTvfoqWsnebh8Sl70VScFbICvJnLKB0Og=="],

    "@jridgewell/trace-mapping": ["@jridgewell/trace-mapping@0.3.31", "", { "dependencies": { "@jridgewell/resolve-uri": "^3.1.0", "@jridgewell/sourcemap-codec": "^1.4.14" } }, "sha512-zzNR+SdQSDJzc8joaeP8QQoCQr8NuYx2dIIytl1QeBEZHJ9uW6hebsrYgbz8hJwUQao3TWCMtmfV8Nu1twOLAw=="],

    "@napi-rs/lzma-linux-x64-gnu": ["@napi-rs/lzma-linux-x64-gnu@1.5.1", "", { "os": "linux", "cpu": "x64" }, "sha512-oTXEIha4SsuXdTA4Iyskj0kpdx2yVXdhd75c2v3xGrHFfVMsbhTPZU/nMPL4sWKo4pBHm3aucLaqGlF696dTyQ=="],

    "@noble/ciphers": ["@noble/ciphers@1.3.0", "", {}, "sha512-2I0gnIVPtfnMw9ee9h1dJG7tp81+8Ob3OJb3Mv37rx5L40/b0i7djjCVvGOVqc9AEIQyvyu1i6ypKdFw8R8gQw=="],

    "@noble/curves": ["@noble/curves@1.9.1", "", { "dependencies": { "@noble/hashes": "1.8.0" } }, "sha512-k11yZxZg+t+gWvBbIswW0yoJlu8cHOC7dhunwOzoWH/mXGBiYyR4YY6hAEK/3EUs4UpB8la1RfdRpeGsFHkWsA=="],

    "@noble/hashes": ["@noble/hashes@1.8.0", "", {}, "sha512-jCs9ldd7NwzpgXDIf6P3+NrHh9/sD6CQdxHyjQI+h/6rDNo88ypBxxz45UDuZHz9r3tNz7N/VInSVoVdtXEI4A=="],

    "@rollup/rollup-android-arm-eabi": ["@rollup/rollup-android-arm-eabi@4.62.5", "", { "os": "android", "cpu": "arm" }, "sha512-jfkGfTwhQpsiSckPF8r9bU3pn3vyd72NlWaO+TgEO6WPSDnUhXzrNYCHBMOYj0ACaUgjm6eERLF+XV9a6RstoA=="],

    "@rollup/rollup-android-arm64": ["@rollup/rollup-android-arm64@4.62.5", "", { "os": "android", "cpu": "arm64" }, "sha512-oGVqyQlxnrz9/ty89oHpU857VUHEl5/Xu4R2lS+aivCTrNnSsbiENzTnNaBsjxH0CNWGPhzHArOLFwo+oKXveA=="],

    "@rollup/rollup-darwin-arm64": ["@rollup/rollup-darwin-arm64@4.62.5", "", { "os": "darwin", "cpu": "arm64" }, "sha512-bW7B8xMEq8n99Q3ieEcPRGuphurdZAaFzQc9Efyyw3FL6DZO6pMy9xhdN+kBoD7Sy05xNXSr4OyPPnpkYriS/A=="],

    "@rollup/rollup-darwin-x64": ["@rollup/rollup-darwin-x64@4.62.5", "", { "os": "darwin", "cpu": "x64" }, "sha512-YSwBS86QeHOGlrxJ1PSOIZSkzRL/JmKeunhc+lV6M1a6En8QuVCD/T/qIA0J4Gd2Y86RIOBYrLcOUtqGh9+/1w=="],

    "@rollup/rollup-freebsd-arm64": ["@rollup/rollup-freebsd-arm64@4.62.5", "", { "os": "freebsd", "cpu": "arm64" }, "sha512-2fST8lILgl7cKbme/1KDdPCmbXbG+gqoV3bHp19L0ypX/3akYMBVdOunPleRCwonoLnXOZ/0F+Mt/v8POFmfcQ=="],

    "@rollup/rollup-freebsd-x64": ["@rollup/rollup-freebsd-x64@4.62.5", "", { "os": "freebsd", "cpu": "x64" }, "sha512-cpIxQCP9J+EVad0a6LO1kY3ZGODlk80VlI+2I96B8xMcdHZ4pLVhfQ49JFpYqjPF91FFkQWftf57YlDcTiw9yQ=="],

    "@rollup/rollup-linux-arm-gnueabihf": ["@rollup/rollup-linux-arm-gnueabihf@4.62.5", "", { "os": "linux", "cpu": "arm" }, "sha512-r9fGh3eFs3e/udWh5ZjXQtxiYK/xoFxQaYR/cELxac/Udkl5Th+IsFm0CX3Kl9hmUH/we7EoMpjJgeQNnE0+IA=="],

    "@rollup/rollup-linux-arm-musleabihf": ["@rollup/rollup-linux-arm-musleabihf@4.62.5", "", { "os": "linux", "cpu": "arm" }, "sha512-xdvFdp7OM6KLJviJT2g/YuRSUjnZgGHk4RNgwIbN7X6cPugOucV60DdHXWzsBVCUdrGb6qSXnJQrrAKMmQuj3Q=="],

    "@rollup/rollup-linux-arm64-gnu": ["@rollup/rollup-linux-arm64-gnu@4.62.5", "", { "os": "linux", "cpu": "arm64" }, "sha512-rRqILAndyzHzP7T9NFQrq+4HFWNhqkqkKur7eiBpfLmz01PO0JKx5Vchu3YllE4YXI/Ftgq/szrDWg5GJ0mI8g=="],

    "@rollup/rollup-linux-arm64-musl": ["@rollup/rollup-linux-arm64-musl@4.62.5", "", { "os": "linux", "cpu": "arm64" }, "sha512-Gf4X3qVMucayUvux6aXXPgXovocSFUC0rrffDuPI/S2nHhNMhjcZxsrAFYCOF350PRreW1XwzFj3CT/3bKsWCw=="],

    "@rollup/rollup-linux-loong64-gnu": ["@rollup/rollup-linux-loong64-gnu@4.62.5", "", { "os": "linux", "cpu": "none" }, "sha512-+s5qA0TNM0qm8PK/a5gt/1Hpx+NV08uSuCncvhziIlQzT6AEV2fnUQo7eBtFTFO0nA9scauvoR2HusfXmQnO4w=="],

    "@rollup/rollup-linux-loong64-musl": ["@rollup/rollup-linux-loong64-musl@4.62.5", "", { "os": "linux", "cpu": "none" }, "sha512-ybb6QvWwWJCbBWqERpc8K3pYVGIrXlG8MEQ8IIuJY6Y9KdHQxoFoNyfkAOtKn1VHu3KuLidXvwrvGR1mEjeWCw=="],

    "@rollup/rollup-linux-ppc64-gnu": ["@rollup/rollup-linux-ppc64-gnu@4.62.5", "", { "os": "linux", "cpu": "ppc64" }, "sha512-nZb1DtnOyhCmYvsC8A2CwOkopVg+IS1+fPUa7rMOAXtNw5+lLCLLPqd6XAiNrGtoQKsbvIBOwsHnBH/3wnb4HQ=="],

    "@rollup/rollup-linux-ppc64-musl": ["@rollup/rollup-linux-ppc64-musl@4.62.5", "", { "os": "linux", "cpu": "ppc64" }, "sha512-yMbj63Sp89ryrXLWyz+sy+fYD2HpOnMCLGbe4Oa1smclFSUukdtD/BgdiHaAetJNb74URD8U4hM+qG5KVzMEkg=="],

    "@rollup/rollup-linux-riscv64-gnu": ["@rollup/rollup-linux-riscv64-gnu@4.62.5", "", { "os": "linux", "cpu": "none" }, "sha512-mhoan3OJw2kYV/e1jtIdmvUZgyBFeA6zGWsOswmR0Tg19TQbowZuR+JMLID6spbbBN7Zee2ejrgmy3+FxGrIdA=="],

    "@rollup/rollup-linux-riscv64-musl": ["@rollup/rollup-linux-riscv64-musl@4.62.5", "", { "os": "linux", "cpu": "none" }, "sha512-5ZTLmjWbb1VZdjuyhe83K/8QO0/h11midQCBP+X5OYn32ra7eOBoM0ZqtaY4nkgNsYgmdVhMYPoyVPTjUpHf3w=="],

    "@rollup/rollup-linux-s390x-gnu": ["@rollup/rollup-linux-s390x-gnu@4.62.5", "", { "os": "linux", "cpu": "s390x" }, "sha512-m53kG+br6PGxOTmgBEM2DHSDs9RVjsyEbUwjJPJGTFm1grWOG8EKJggDCTb60unD4Tjby8fi7/m9XfkEWasVWg=="],

    "@rollup/rollup-linux-x64-gnu": ["@rollup/rollup-linux-x64-gnu@4.62.5", "", { "os": "linux", "cpu": "x64" }, "sha512-6RHPJR1g/uvdYU8uXBnfq3nlqyZCP82Fr6NHgfGoaIeSh0YEqnX/x6uA9MmJJbnSH7swqX4F+CkGdUF+6doiQA=="],

    "@rollup/rollup-linux-x64-musl": ["@rollup/rollup-linux-x64-musl@4.62.5", "", { "os": "linux", "cpu": "x64" }, "sha512-xs+OXQtEXgpXT0DmA5+U3qnRZHdCST/5HRQxS8wSPZTUZN/EMWeHuSIod32LQklTBZBV9DyfncKBQ8n5V3eFdw=="],

    "@rollup/rollup-openbsd-x64": ["@rollup/rollup-openbsd-x64@4.62.5", "", { "os": "openbsd", "cpu": "x64" }, "sha512-e7hD+sl3s+mcLQDZ8pbudBVsdG6r5yN4w3LqG2TJ8sQHDpblWj5lrJs/3m01Cvlxbt4x13zu5thLjgypgtkYzw=="],

    "@rollup/rollup-openharmony-arm64": ["@rollup/rollup-openharmony-arm64@4.62.5", "", { "os": "none", "cpu": "arm64" }, "sha512-GiyJaCf+WpMub/17aPcKk27QMl5W6f+KhdPTjlFOn5akH5Wa/DCM9Stdx5cDfmasyKB08MqpVQ1uJE2RkkpbXg=="],

    "@rollup/rollup-win32-arm64-msvc": ["@rollup/rollup-win32-arm64-msvc@4.62.5", "", { "os": "win32", "cpu": "arm64" }, "sha512-+OQ8U2DdoEfXl8T4Fb18AjmEwbXMerKDKCL8yCPAYhKCEEKoul7rkbeGCBFCbAlaGaa7pmtRTpkAJM2LE/i5FA=="],

    "@rollup/rollup-win32-ia32-msvc": ["@rollup/rollup-win32-ia32-msvc@4.62.5", "", { "os": "win32", "cpu": "ia32" }, "sha512-KanvAZrPKbDBFwrgiU9yEVpQoox9QPV1WZOXX7HudJQY+eSlu82CtWxDU8WtuRRvtN5EGkLczkd6Y6DTcvm9wA=="],

    "@rollup/rollup-win32-x64-gnu": ["@rollup/rollup-win32-x64-gnu@4.62.5", "", { "os": "win32", "cpu": "x64" }, "sha512-1aC3UEWTtRl3RK3VpDJ/Tqk1XI4SLTmXIthAq6wRWo8XiSXJNd+VprJM4/1P4+i6HIaFEFlVi9sTTziniD2tOQ=="],

    "@rollup/rollup-win32-x64-msvc": ["@rollup/rollup-win32-x64-msvc@4.62.5", "", { "os": "win32", "cpu": "x64" }, "sha512-/gDJaRs4gl0NPIwqCz+6PkpmhhjRAD2j6P4rSNHBzUkO3naEx2mIU0pRle1vUNRQ7mE/+8OOeXLTv/J56FKiQg=="],

    "@scure/base": ["@scure/base@1.2.6", "", {}, "sha512-g/nm5FgUa//MCj1gV09zTJTaM6KBAHqLN907YVQqf7zC49+DcO4B1so4ZX07Ef10Twr6nuqYEH9GEggFXA4Fmg=="],

    "@scure/bip32": ["@scure/bip32@1.7.0", "", { "dependencies": { "@noble/curves": "~1.9.0", "@noble/hashes": "~1.8.0", "@scure/base": "~1.2.5" } }, "sha512-E4FFX/N3f4B80AKWp5dP6ow+flD1LQZo/w8UnLGYZO674jS6YnYeepycOOksv+vLPSpgN35wgKgy+ybfTb2SMw=="],

    "@scure/bip39": ["@scure/bip39@1.6.0", "", { "dependencies": { "@noble/hashes": "~1.8.0", "@scure/base": "~1.2.5" } }, "sha512-+lF0BbLiJNwVlev4eKelw1WWLaiKXw7sSl8T6FvBlWkdX+94aGJ4o8XjUdlyhTCjd8c+B3KT3JfS8P0bLRNU6A=="],

    "@slicekit/abi": ["@slicekit/abi@0.1.0", "", { "peerDependencies": { "viem": "^2.48.0" } }, "sha512-U0+K5ViPW/YaNmphbQdibc0NcXkd12kv/aF8Qw9YZDmKF4sHHNuCAOr66dFHNj/5Y1+fdjxl4hAIaKvcJKzhzQ=="],

    "@slicekit/wallet": ["@slicekit/wallet@workspace:packages/wallet"],

    "@types/estree": ["@types/estree@1.0.9", "", {}, "sha512-GhdPgy1el4/ImP05X05Uw4cw2/M93BCUmnEvWZNStlCzEKME4Fkk+YpoA5OiHNQmoS7Cafb8Xa3Pya8m1Qrzeg=="],

    "@types/node": ["@types/node@26.2.0", "", { "dependencies": { "undici-types": "~8.3.0" } }, "sha512-5IviulTZeRNp2vAJ514cc/HUlY5nZ9fCbq9DMyC52BrhFZACo3nI0R7qBxhQmo/d27NFe96ur/b7Wwxklda+kg=="],

    "@typescript/old": ["typescript@6.0.3", "", { "bin": { "tsc": "bin/tsc", "tsserver": "bin/tsserver" } }, "sha512-y2TvuxSZPDyQakkFRPZHKFm+KKVqIisdg9/CZwm9ftvKXLP8NRWj38/ODjNbr43SsoXqNuAisEf1GdCxqWcdBw=="],

    "@typescript/typescript-aix-ppc64": ["@typescript/typescript-aix-ppc64@7.0.2", "", { "os": "aix", "cpu": "ppc64" }, "sha512-MTKKkWB7p/0E9xi1d1tHtZ5PiLkGEMIq88pK2CubZjOsLtYTLqhgIgi6zepFa+9GHZ6h05NMCkQxGKiPXMxXtQ=="],

    "@typescript/typescript-darwin-arm64": ["@typescript/typescript-darwin-arm64@7.0.2", "", { "os": "darwin", "cpu": "arm64" }, "sha512-gowzar9MwS/aRWp6f3a4KUqzRjAZjOsmGNCM6LcTgXum+dBfgsBVMN+AgvOCCbguXyick6LJhpBszxMebJ8syA=="],

    "@typescript/typescript-darwin-x64": ["@typescript/typescript-darwin-x64@7.0.2", "", { "os": "darwin", "cpu": "x64" }, "sha512-SZ9xZInqApNlNGc9s0W1VSsktYSOe9cFqNOIqmN1Gs8SmkjKZYFt017G4VwPxASInODuAdbTW7sXiFUf893RgA=="],

    "@typescript/typescript-freebsd-arm64": ["@typescript/typescript-freebsd-arm64@7.0.2", "", { "os": "freebsd", "cpu": "arm64" }, "sha512-W5NH4y/J0plIIS5b2xvTEkU7JFxyqdMAOgf+Ilhl0vHQXKO5dZoxd+C/jEtq56c4F3wk71RB4BMRQ2XdI+bwYQ=="],

    "@typescript/typescript-freebsd-x64": ["@typescript/typescript-freebsd-x64@7.0.2", "", { "os": "freebsd", "cpu": "x64" }, "sha512-UMGDx5sTpzNw3WiPebH7l90IWfJggEd+egHt/q6p7/Cm3zqoV7VxkGXt+3DxPIw8CcmvAB0j3sVVfbhX+M4Tpw=="],

    "@typescript/typescript-linux-arm": ["@typescript/typescript-linux-arm@7.0.2", "", { "os": "linux", "cpu": "arm" }, "sha512-gffT3xPz9sR7j/YJExkyPntrI0P2EP9XbOyWzth2/Gs0RstK+90RBcO0ncXoXy/beYll1SXw846Nf2zdnEz0QQ=="],

    "@typescript/typescript-linux-arm64": ["@typescript/typescript-linux-arm64@7.0.2", "", { "os": "linux", "cpu": "arm64" }, "sha512-Qh4eU4/y3yDjnfjjyPYihMj5/ODIlmt+Bzu17OI+fiSRDW57QmU5SiN63exPRNJPKUzcc1INa1NXdrJ+MqHjUQ=="],

    "@typescript/typescript-linux-loong64": ["@typescript/typescript-linux-loong64@7.0.2", "", { "os": "linux", "cpu": "none" }, "sha512-uEHck9i8hoAzXPiYRib1O7miOnz23SxIeVl6F4LXox+qov1K35jHcEW6VHKvZI+pyvl7fZEP4MCU5LYvIq1GuQ=="],

    "@typescript/typescript-linux-mips64el": ["@typescript/typescript-linux-mips64el@7.0.2", "", { "os": "linux", "cpu": "none" }, "sha512-R4KvAMnE43W5Qeqb0Ly56O3mWMWIAgsMyz36DCaycd5nbg/9kzm0liw3JocfRqyJY0KPmzFjbswozXyW0DnIYA=="],

    "@typescript/typescript-linux-ppc64": ["@typescript/typescript-linux-ppc64@7.0.2", "", { "os": "linux", "cpu": "ppc64" }, "sha512-DORx5b3sd/4S7eayxm4FQv+A7CrkUIGRaHiwI8oiHTAI1fAPWhF4J0vAlkC8biAlHSVVwxMQ3tjZ2/DVbnQiiA=="],

    "@typescript/typescript-linux-riscv64": ["@typescript/typescript-linux-riscv64@7.0.2", "", { "os": "linux", "cpu": "none" }, "sha512-wf0jqEDOjrPRnKwYRyyJDRo11KMbvMFrU+q4zqKyChODBzvlkbhNQfKvLxQCcwTpdDaXSHZTVuh0JoCrKCUMHQ=="],

    "@typescript/typescript-linux-s390x": ["@typescript/typescript-linux-s390x@7.0.2", "", { "os": "linux", "cpu": "s390x" }, "sha512-IkwJc3L7yhytWd/ewjyxNDfOmswCm9GWMJT/ue/dU4aZNbwZeYAetq42VyLmsmSjvoX7z74X6ZaYCtzAr0EuGw=="],

    "@typescript/typescript-linux-x64": ["@typescript/typescript-linux-x64@7.0.2", "", { "os": "linux", "cpu": "x64" }, "sha512-EYdf2cNg7rgCWJnxCdJ+F3V39O8ihb37eHAu1LK8oAFizgTQbPOK7zHHXbPt8rX24COqODXeI3sIf0fCXG7H/A=="],

    "@typescript/typescript-netbsd-arm64": ["@typescript/typescript-netbsd-arm64@7.0.2", "", { "os": "none", "cpu": "arm64" }, "sha512-+polYF4MF04aPpO5FTkHran9yUQDSXqy5GiSDKpsll5jy3l3+g9QLhpf39T+ePtefhXLOGrLl0QIjkQP6VnelA=="],

    "@typescript/typescript-netbsd-x64": ["@typescript/typescript-netbsd-x64@7.0.2", "", { "os": "none", "cpu": "x64" }, "sha512-8YIT0EHM/3dq10ZOVF/A7pc/YSMtbcecct4rWtexrnSCHOPcpC2KTLXfTCR6vDpnSiY12heNb1GiN/wu+T/FyA=="],

    "@typescript/typescript-openbsd-arm64": ["@typescript/typescript-openbsd-arm64@7.0.2", "", { "os": "openbsd", "cpu": "arm64" }, "sha512-APT8+ClYnuYm1u9+kgGXoMj2VzWzcymwh2gNSQVySHfkRDGOTVkoWLjCmOQSaO+PoqQ57B0flRp9SA+7GnnkzQ=="],

    "@typescript/typescript-openbsd-x64": ["@typescript/typescript-openbsd-x64@7.0.2", "", { "os": "openbsd", "cpu": "x64" }, "sha512-yX7s+Q0Dln0Dt9tEzZsAjXXR/+ytBM7AlglaqyeMPxQszJ1JhlJdZ6jLA+IzldHtflX81em7lDao1xXu+aRRkg=="],

    "@typescript/typescript-sunos-x64": ["@typescript/typescript-sunos-x64@7.0.2", "", { "os": "sunos", "cpu": "x64" }, "sha512-dLJDGaLZ1D4HPQn62u1n8mBDkJREwMsAkCdkwd4Ieqw+x3TUyTsqY0YiBCtE6H6OzzgGk3iuZ3vFWRS+E8/d1g=="],

    "@typescript/typescript-win32-arm64": ["@typescript/typescript-win32-arm64@7.0.2", "", { "os": "win32", "cpu": "arm64" }, "sha512-Gyl1Vy6OsWesLzmq+EP0Fb7b4Nid5232AvcA2SFcdYreldpNtYFFofPjnt62y9hQy7VTaZp65ICJjuAQRaVcIQ=="],

    "@typescript/typescript-win32-x64": ["@typescript/typescript-win32-x64@7.0.2", "", { "os": "win32", "cpu": "x64" }, "sha512-0BQ3HkAHHlKLSp1qRvf3SUhGpGsDuhB/jgFw75guyqbxJqEaS0Cw/VFO8i2nHglJUzQCRtMMR/IBAKE3ETMC4g=="],

    "@typescript/typescript6": ["@typescript/typescript6@6.0.2", "", { "dependencies": { "@typescript/old": "npm:typescript@^6" }, "bin": { "tsc6": "bin/tsc6" } }, "sha512-mbCddXd+jm7hfx7w2YU64/Av4/NqqeG3GoRZgxPcgoTxYjhrcfJRw9ULch71SS4G+Q3bOXFhRvPqjguN0Hyp5w=="],

    "abitype": ["abitype@1.2.3", "", { "peerDependencies": { "typescript": ">=5.0.4", "zod": "^3.22.0 || ^4.0.0" }, "optionalPeers": ["typescript", "zod"] }, "sha512-Ofer5QUnuUdTFsBRwARMoWKOH1ND5ehwYhJ3OJ/BQO+StkwQjHw0XyVh4vDttzHB7QOFhPHa/o413PJ82gU/Tg=="],

    "bun-types": ["bun-types@1.4.0", "", { "dependencies": { "@types/node": "*" } }, "sha512-iIKw23BspnQQYd3prITOBxeUsxBHnwzX6YJfGMuNOZzeNcMmVqzIIVGRm1l69ogaPQmb4wB6BN8mA5bE9YuC5Q=="],

    "convert-source-map": ["convert-source-map@2.0.0", "", {}, "sha512-Kvp459HrV2FEJ1CAsi1Ku+MY3kasH19TFykTz2xWmMeq6bk2NU3XXvfJ+Q61m0xktWwt+1HSYf3JZsTms3aRJg=="],

    "eventemitter3": ["eventemitter3@5.0.1", "", {}, "sha512-GWkBvjiSZK87ELrYOSESUYeVIc9mvLLf/nXalMOS5dYrgZq9o5OVkbZAVM06CVxYsCwH9BDZFPlQTlPA1j4ahA=="],

    "fake-indexeddb": ["fake-indexeddb@6.2.5", "", {}, "sha512-CGnyrvbhPlWYMngksqrSSUT1BAVP49dZocrHuK0SvtR0D5TMs5wP0o3j7jexDJW01KSadjBp1M/71o/KR3nD1w=="],

    "fsevents": ["fsevents@2.3.3", "", { "os": "darwin" }, "sha512-5xoDfX+fL7faATnagmWPpbFtwh/R77WmMMqqHGS65C3vvB0YHrgF+B1YmZ3441tMj5n63k0212XNoJwzlhffQw=="],

    "hash-wasm": ["hash-wasm@4.12.0", "", {}, "sha512-+/2B2rYLb48I/evdOIhP+K/DD2ca2fgBjp6O+GBEnCDk2e4rpeXIK8GvIyRPjTezgmWn9gmKwkQjjx6BtqDHVQ=="],

    "isows": ["isows@1.0.7", "", { "peerDependencies": { "ws": "*" } }, "sha512-I1fSfDCZL5P0v33sVqeTDSpcstAg/N+wF5HS033mogOVIp4B+oHC7oOCsA3axAbBSGTJ8QubbNmnIRN/h8U7hg=="],

    "js-tokens": ["js-tokens@10.0.0", "", {}, "sha512-lM/UBzQmfJRo9ABXbPWemivdCW8V2G8FHaHdypQaIy523snUjog0W71ayWXTjiR+ixeMyVHN2XcpnTd/liPg/Q=="],

    "magic-string": ["magic-string@0.30.21", "", { "dependencies": { "@jridgewell/sourcemap-codec": "^1.5.5" } }, "sha512-vd2F4YUyEXKGcLHoq+TEyCjxueSeHnFxyyjNp80yg0XV4vUhnDer/lvvlqM/arB5bXQN5K2/3oinyCRyx8T2CQ=="],

    "ox": ["ox@0.14.38", "", { "dependencies": { "@adraffy/ens-normalize": "^1.11.0", "@noble/ciphers": "^1.3.0", "@noble/curves": "1.9.1", "@noble/hashes": "^1.8.0", "@scure/bip32": "^1.7.0", "@scure/bip39": "^1.6.0", "abitype": "^1.2.3", "eventemitter3": "5.0.1" }, "peerDependencies": { "typescript": ">=5.4.0" }, "optionalPeers": ["typescript"] }, "sha512-yqqLlVjoFo/G7+R7QGFP+WaS4E2ulSjkBwA9OzYECpznfD2J0kF32cD4D3WmWwTToKe0Fv8kMyjliGFdpMUgWw=="],

    "rollup": ["rollup@4.62.5", "", { "dependencies": { "@types/estree": "1.0.9" }, "optionalDependencies": { "@napi-rs/lzma-linux-x64-gnu": "1.5.1", "@rollup/rollup-android-arm-eabi": "4.62.5", "@rollup/rollup-android-arm64": "4.62.5", "@rollup/rollup-darwin-arm64": "4.62.5", "@rollup/rollup-darwin-x64": "4.62.5", "@rollup/rollup-freebsd-arm64": "4.62.5", "@rollup/rollup-freebsd-x64": "4.62.5", "@rollup/rollup-linux-arm-gnueabihf": "4.62.5", "@rollup/rollup-linux-arm-musleabihf": "4.62.5", "@rollup/rollup-linux-arm64-gnu": "4.62.5", "@rollup/rollup-linux-arm64-musl": "4.62.5", "@rollup/rollup-linux-loong64-gnu": "4.62.5", "@rollup/rollup-linux-loong64-musl": "4.62.5", "@rollup/rollup-linux-ppc64-gnu": "4.62.5", "@rollup/rollup-linux-ppc64-musl": "4.62.5", "@rollup/rollup-linux-riscv64-gnu": "4.62.5", "@rollup/rollup-linux-riscv64-musl": "4.62.5", "@rollup/rollup-linux-s390x-gnu": "4.62.5", "@rollup/rollup-linux-x64-gnu": "4.62.5", "@rollup/rollup-linux-x64-musl": "4.62.5", "@rollup/rollup-openbsd-x64": "4.62.5", "@rollup/rollup-openharmony-arm64": "4.62.5", "@rollup/rollup-win32-arm64-msvc": "4.62.5", "@rollup/rollup-win32-ia32-msvc": "4.62.5", "@rollup/rollup-win32-x64-gnu": "4.62.5", "@rollup/rollup-win32-x64-msvc": "4.62.5", "fsevents": "~2.3.2" }, "bin": { "rollup": "dist/bin/rollup" } }, "sha512-/tqMfgP7GPA3PHhCmuiS4vIjrSVhHLgY++i+dhbG462euyAj7FpM4D9uq1X3BgjlqRdpcOrYhcQtfiQLNc8tqw=="],

    "rollup-plugin-dts": ["rollup-plugin-dts@6.5.1", "", { "dependencies": { "@jridgewell/remapping": "^2.3.5", "@jridgewell/sourcemap-codec": "^1.5.5", "convert-source-map": "^2.0.0", "magic-string": "^0.30.21" }, "optionalDependencies": { "@babel/code-frame": "^8.0.0" }, "peerDependencies": { "@typescript/typescript6": "^6", "rollup": "^3 || ^4", "typescript": "^4.5 || ^5 || ^6 || ^7" }, "optionalPeers": ["@typescript/typescript6"] }, "sha512-jODTXp3H7MK/Ur/ErtsrQ0G1GvaCmc3du+y5pNrdBMf6d7HlL2Nd/N6TkEr+f75CkUj01zEoEd7y2elH0eHi1Q=="],

    "tslib": ["tslib@2.8.1", "", {}, "sha512-oJFu94HQb+KVduSUQL7wnpmqnfmLsOA/nAh6b6EH0wCEoK0/mPeXU6c3wKDV83MkOuHPRHtSXKKU99IBazS/2w=="],

    "typescript": ["typescript@7.0.2", "", { "optionalDependencies": { "@typescript/typescript-aix-ppc64": "7.0.2", "@typescript/typescript-darwin-arm64": "7.0.2", "@typescript/typescript-darwin-x64": "7.0.2", "@typescript/typescript-freebsd-arm64": "7.0.2", "@typescript/typescript-freebsd-x64": "7.0.2", "@typescript/typescript-linux-arm": "7.0.2", "@typescript/typescript-linux-arm64": "7.0.2", "@typescript/typescript-linux-loong64": "7.0.2", "@typescript/typescript-linux-mips64el": "7.0.2", "@typescript/typescript-linux-ppc64": "7.0.2", "@typescript/typescript-linux-riscv64": "7.0.2", "@typescript/typescript-linux-s390x": "7.0.2", "@typescript/typescript-linux-x64": "7.0.2", "@typescript/typescript-netbsd-arm64": "7.0.2", "@typescript/typescript-netbsd-x64": "7.0.2", "@typescript/typescript-openbsd-arm64": "7.0.2", "@typescript/typescript-openbsd-x64": "7.0.2", "@typescript/typescript-sunos-x64": "7.0.2", "@typescript/typescript-win32-arm64": "7.0.2", "@typescript/typescript-win32-x64": "7.0.2" }, "bin": { "tsc": "bin/tsc" } }, "sha512-8FYau96o3NKOhbjKi/qNvG/W5jhzxkbdm5sj9AbZ/5T5sWqn3hJgLfGx27sRKZWTvyzCP8dLRBTf5tBTSRVUNA=="],

    "undici-types": ["undici-types@8.3.0", "", {}, "sha512-j375ScV60dom+YkPFIfTLcOiPxkN/buHz5GobjLhixFuANaNs3C9l4GmrWqejgXWJ7BbJcFYpTEUkS1Ge8bpZQ=="],

    "viem": ["viem@2.55.19", "", { "dependencies": { "@noble/curves": "1.9.1", "@noble/hashes": "1.8.0", "@scure/bip32": "1.7.0", "@scure/bip39": "1.6.0", "abitype": "1.2.3", "isows": "1.0.7", "ox": "0.14.34", "ws": "8.21.0" }, "peerDependencies": { "typescript": ">=5.0.4" }, "optionalPeers": ["typescript"] }, "sha512-4QPIX0eYPLsOBk53NKswVMkQoxuP7GlOBnB4wM6dkDokREO4QENNc3bmyPKK1PBTViXh0TPJCHLjIuU20Qi3fg=="],

    "ws": ["ws@8.21.0", "", { "peerDependencies": { "bufferutil": "^4.0.1", "utf-8-validate": ">=5.0.2" }, "optionalPeers": ["bufferutil", "utf-8-validate"] }, "sha512-Vsp28b7DRcimFQvrqu2Wek3z1iYxDCWqHYB8Qsnk/S4RfaCQzPGPyBNuVjJV3cd6UiKtUtp6sNM77gWvzcCH+g=="],

    "viem/ox": ["ox@0.14.34", "", { "dependencies": { "@adraffy/ens-normalize": "^1.11.0", "@noble/ciphers": "^1.3.0", "@noble/curves": "1.9.1", "@noble/hashes": "^1.8.0", "@scure/bip32": "^1.7.0", "@scure/bip39": "^1.6.0", "abitype": "^1.2.3", "eventemitter3": "5.0.1" }, "peerDependencies": { "typescript": ">=5.4.0" }, "optionalPeers": ["typescript"] }, "sha512-12seOIk7dv8eAoGQhcWaeKZxNz304IVcDvb9U5Y7JZAEVe21Nm1YMxLjhWah+su5BD4Omx4Zz0z5x3ij9M4GYQ=="],
  }
}
